
Microsoft Visual Studio Solution File, Format Version 12.00
# Visual Studio Version 16
VisualStudioVersion = 16.0.30804.86
MinimumVisualStudioVersion = 10.0.40219.1
Project("{FAE04EC0-301F-11D3-BF4B-00C04F79EFBC}") = "CountdownTimer", "CountdownTimer\CountdownTimer.csproj", "{CE263FD7-2FB5-4731-9770-A7634C8A3F6E}"
EndProject
Global
	GlobalSection(SolutionConfigurationPlatforms) = preSolution
		Debug|Any CPU = Debug|Any CPU
		Release|Any CPU = Release|Any CPU
	EndGlobalSection
	GlobalSection(ProjectConfigurationPlatforms) = postSolution
		{CE263FD7-2FB5-4731-9770-A7634C8A3F6E}.Debug|Any CPU.ActiveCfg = Debug|Any CPU
		{CE263FD7-2FB5-4731-9770-A7634C8A3F6E}.Debug|Any CPU.Build.0 = Debug|Any CPU
		{CE263FD7-2FB5-4731-9770-A7634C8A3F6E}.Release|Any CPU.ActiveCfg = Release|Any CPU
		{CE263FD7-2FB5-4731-9770-A7634C8A3F6E}.Release|Any CPU.Build.0 = Release|Any CPU
	EndGlobalSection
	GlobalSection(SolutionProperties) = preSolution
		HideSolutionNode = FALSE
	EndGlobalSection
	GlobalSection(ExtensibilityGlobals) = postSolution
		SolutionGuid = {A970F7C4-3D7A-40EC-84AA-4FDE60BF515C}
	EndGlobalSection
EndGlobal
